{
  "originHash" : "ddf6754ff0d98e81c24ce3ab504bfb09b28b53ec769865e60f0548c23c0cf9a9",
  "pins" : [
    {
      "identity" : "bson",
      "kind" : "remoteSourceControl",
      "location" : "https://github.com/orlandos-nl/BSON.git",
      "state" : {
        "revision" : "57da7f36cabca92166f061ea7a9539a245ee02d7",
        "version" : "8.1.0"
      }
    },
    {
      "identity" : "needletail-media-kit",
      "kind" : "remoteSourceControl",
      "location" : "git@github.com:needle-tail/needletail-media-kit.git",
      "state" : {
        "revision" : "a457e8edbda4f3706d1433a6cbfb21718479504c",
        "version" : "1.0.6"
      }
    },
    {
      "identity" : "swift-atomics",
      "kind" : "remoteSourceControl",
      "location" : "https://github.com/apple/swift-atomics.git",
      "state" : {
        "revision" : "cd142fd2f64be2100422d658e7411e39489da985",
        "version" : "1.2.0"
      }
    },
    {
      "identity" : "swift-collections",
      "kind" : "remoteSourceControl",
      "location" : "https://github.com/apple/swift-collections.git",
      "state" : {
        "revision" : "d029d9d39c87bed85b1c50adee7c41795261a192",
        "version" : "1.0.6"
      }
    },
    {
      "identity" : "swift-crypto",
      "kind" : "remoteSourceControl",
      "location" : "https://github.com/apple/swift-crypto.git",
      "state" : {
        "revision" : "b51f1d6845b353a2121de1c6a670738ec33561a6",
        "version" : "3.1.0"
      }
    },
    {
      "identity" : "swift-data-to-file",
      "kind" : "remoteSourceControl",
      "location" : "git@github.com:needle-tail/swift-data-to-file.git",
      "state" : {
        "revision" : "bc5d670fbca9a239715a5f8e432c03a60f65966e",
        "version" : "1.0.9"
      }
    },
    {
      "identity" : "swift-nio",
      "kind" : "remoteSourceControl",
      "location" : "https://github.com/apple/swift-nio.git",
      "state" : {
        "revision" : "359c461e5561d22c6334828806cc25d759ca7aa6",
        "version" : "2.65.0"
      }
    },
    {
      "identity" : "swift-system",
      "kind" : "remoteSourceControl",
      "location" : "https://github.com/apple/swift-system.git",
      "state" : {
        "revision" : "025bcb1165deab2e20d4eaba79967ce73013f496",
        "version" : "1.2.1"
      }
    },
    {
      "identity" : "webrtc",
      "kind" : "remoteSourceControl",
      "location" : "https://github.com/stasel/WebRTC.git",
      "state" : {
        "revision" : "094c4fc20594251946319805d8328c8e745dd084",
        "version" : "128.0.0"
      }
    }
  ],
  "version" : 3
}
